
Microsoft Visual Studio Solution File, Format Version 12.00
# Visual Studio Version 16
VisualStudioVersion = 16.0.30204.135
MinimumVisualStudioVersion = 10.0.40219.1
Project("{2150E333-8FDC-42A3-9474-1A3956D46DE8}") = "build", "build", "{D8BAD8E8-F881-4B23-8CCC-E5724CF9292B}"
	ProjectSection(SolutionItems) = preProject
		build.cmd = build.cmd
		build.fsx = build.fsx
		build.sh = build.sh
		src\Directory.Build.props = src\Directory.Build.props
		src\Directory.Packages.props = src\Directory.Packages.props
		build.ps1 = build.ps1
	EndProjectSection
EndProject
Project("{2150E333-8FDC-42A3-9474-1A3956D46DE8}") = "Solution Items", "Solution Items", "{85A25CFE-0B51-45FC-9C5E-271F9557F8D3}"
	ProjectSection(SolutionItems) = preProject
		README.md = README.md
		RELEASE_NOTES.md = RELEASE_NOTES.md
		src\Directory.Build.props = src\Directory.Build.props
		src\Directory.Packages.props = src\Directory.Packages.props
	EndProjectSection
EndProject
Project("{9A19103F-16F7-4668-BE54-9A1E7A4F7556}") = "Akka.Persistence.SqlServer", "src\Akka.Persistence.SqlServer\Akka.Persistence.SqlServer.csproj", "{424D7800-6417-498D-A645-0E5EAF16C6D6}"
EndProject
Project("{9A19103F-16F7-4668-BE54-9A1E7A4F7556}") = "Akka.Persistence.SqlServer.Tests", "src\Akka.Persistence.SqlServer.Tests\Akka.Persistence.SqlServer.Tests.csproj", "{DEAC600E-5B71-4124-BE4B-5BF26C21575E}"
EndProject
Project("{FAE04EC0-301F-11D3-BF4B-00C04F79EFBC}") = "Akka.Persistence.SqlServer.Performance.Tests", "src\Akka.Persistence.SqlServer.Performance.Tests\Akka.Persistence.SqlServer.Performance.Tests.csproj", "{5B792D05-2CCE-4513-BAAD-100394E9E161}"
EndProject
Project("{FAE04EC0-301F-11D3-BF4B-00C04F79EFBC}") = "Akka.Persistence.SqlServer.Hosting", "src\Akka.Persistence.SqlServer.Hosting\Akka.Persistence.SqlServer.Hosting.csproj", "{8E47A245-3F92-421A-90CC-D49A6162486A}"
EndProject
Project("{2150E333-8FDC-42A3-9474-1A3956D46DE8}") = "Examples", "Examples", "{E5A4FE07-0354-472F-9DF0-458F68FDE2DE}"
EndProject
Project("{FAE04EC0-301F-11D3-BF4B-00C04F79EFBC}") = "Akka.Hosting.CustomJournalIdDemo", "src\Examples\Akka.Hosting.CustomJournalIdDemo\Akka.Hosting.CustomJournalIdDemo.csproj", "{EE293645-8486-4D81-8387-DDD5F617FCE5}"
EndProject
Project("{FAE04EC0-301F-11D3-BF4B-00C04F79EFBC}") = "Akka.Hosting.SqlSharding", "src\Examples\Akka.Hosting.SqlSharding\Akka.Hosting.SqlSharding.csproj", "{06734F4B-5995-4A08-92CA-0177C0DFD512}"
EndProject
Project("{2150E333-8FDC-42A3-9474-1A3956D46DE8}") = "build-system", "build-system", "{7B559856-A130-4ABB-88C0-FBA72D5C209C}"
	ProjectSection(SolutionItems) = preProject
		build-system\azure-pipeline.template.yaml = build-system\azure-pipeline.template.yaml
		build-system\linux-pr-validation.yaml = build-system\linux-pr-validation.yaml
		build-system\README.md = build-system\README.md
		build-system\windows-release.yaml = build-system\windows-release.yaml
	EndProjectSection
EndProject
Global
	GlobalSection(SolutionConfigurationPlatforms) = preSolution
		Debug|Any CPU = Debug|Any CPU
		Release|Any CPU = Release|Any CPU
	EndGlobalSection
	GlobalSection(ProjectConfigurationPlatforms) = postSolution
		{424D7800-6417-498D-A645-0E5EAF16C6D6}.Debug|Any CPU.ActiveCfg = Debug|Any CPU
		{424D7800-6417-498D-A645-0E5EAF16C6D6}.Debug|Any CPU.Build.0 = Debug|Any CPU
		{424D7800-6417-498D-A645-0E5EAF16C6D6}.Release|Any CPU.ActiveCfg = Release|Any CPU
		{424D7800-6417-498D-A645-0E5EAF16C6D6}.Release|Any CPU.Build.0 = Release|Any CPU
		{DEAC600E-5B71-4124-BE4B-5BF26C21575E}.Debug|Any CPU.ActiveCfg = Debug|Any CPU
		{DEAC600E-5B71-4124-BE4B-5BF26C21575E}.Debug|Any CPU.Build.0 = Debug|Any CPU
		{DEAC600E-5B71-4124-BE4B-5BF26C21575E}.Release|Any CPU.ActiveCfg = Release|Any CPU
		{DEAC600E-5B71-4124-BE4B-5BF26C21575E}.Release|Any CPU.Build.0 = Release|Any CPU
		{5B792D05-2CCE-4513-BAAD-100394E9E161}.Debug|Any CPU.ActiveCfg = Debug|Any CPU
		{5B792D05-2CCE-4513-BAAD-100394E9E161}.Debug|Any CPU.Build.0 = Debug|Any CPU
		{5B792D05-2CCE-4513-BAAD-100394E9E161}.Release|Any CPU.ActiveCfg = Release|Any CPU
		{5B792D05-2CCE-4513-BAAD-100394E9E161}.Release|Any CPU.Build.0 = Release|Any CPU
		{8E47A245-3F92-421A-90CC-D49A6162486A}.Debug|Any CPU.ActiveCfg = Debug|Any CPU
		{8E47A245-3F92-421A-90CC-D49A6162486A}.Debug|Any CPU.Build.0 = Debug|Any CPU
		{8E47A245-3F92-421A-90CC-D49A6162486A}.Release|Any CPU.ActiveCfg = Release|Any CPU
		{8E47A245-3F92-421A-90CC-D49A6162486A}.Release|Any CPU.Build.0 = Release|Any CPU
		{EE293645-8486-4D81-8387-DDD5F617FCE5}.Debug|Any CPU.ActiveCfg = Debug|Any CPU
		{EE293645-8486-4D81-8387-DDD5F617FCE5}.Debug|Any CPU.Build.0 = Debug|Any CPU
		{EE293645-8486-4D81-8387-DDD5F617FCE5}.Release|Any CPU.ActiveCfg = Release|Any CPU
		{EE293645-8486-4D81-8387-DDD5F617FCE5}.Release|Any CPU.Build.0 = Release|Any CPU
		{06734F4B-5995-4A08-92CA-0177C0DFD512}.Debug|Any CPU.ActiveCfg = Debug|Any CPU
		{06734F4B-5995-4A08-92CA-0177C0DFD512}.Debug|Any CPU.Build.0 = Debug|Any CPU
		{06734F4B-5995-4A08-92CA-0177C0DFD512}.Release|Any CPU.ActiveCfg = Release|Any CPU
		{06734F4B-5995-4A08-92CA-0177C0DFD512}.Release|Any CPU.Build.0 = Release|Any CPU
	EndGlobalSection
	GlobalSection(SolutionProperties) = preSolution
		HideSolutionNode = FALSE
	EndGlobalSection
	GlobalSection(ExtensibilityGlobals) = postSolution
		SolutionGuid = {F5B10DE4-8703-405E-B6ED-DDFE0D20198D}
	EndGlobalSection
	GlobalSection(NestedProjects) = preSolution
		{EE293645-8486-4D81-8387-DDD5F617FCE5} = {E5A4FE07-0354-472F-9DF0-458F68FDE2DE}
		{06734F4B-5995-4A08-92CA-0177C0DFD512} = {E5A4FE07-0354-472F-9DF0-458F68FDE2DE}
		{7B559856-A130-4ABB-88C0-FBA72D5C209C} = {D8BAD8E8-F881-4B23-8CCC-E5724CF9292B}
	EndGlobalSection
EndGlobal
