
Microsoft Visual Studio Solution File, Format Version 12.00
# Visual Studio 2013
VisualStudioVersion = 12.0.31101.0
MinimumVisualStudioVersion = 10.0.40219.1
Project("{FAE04EC0-301F-11D3-BF4B-00C04F79EFBC}") = "Akka.Persistence.SqlServer", "Akka.Persistence.SqlServer\Akka.Persistence.SqlServer.csproj", "{BAC85686-AFC4-413E-98DC-5ED8F468BC63}"
EndProject
Project("{FAE04EC0-301F-11D3-BF4B-00C04F79EFBC}") = "Akka.Persistence.SqlServer.Tests", "Akka.Persistence.SqlServer.Tests\Akka.Persistence.SqlServer.Tests.csproj", "{5A3C24D7-0D1C-4974-BBB4-22AC792666DE}"
EndProject
Project("{2150E333-8FDC-42A3-9474-1A3956D46DE8}") = ".nuget", ".nuget", "{7DAE0F67-4D9D-4177-B9BD-11A8078930A9}"
	ProjectSection(SolutionItems) = preProject
		.nuget\NuGet.Config = .nuget\NuGet.Config
		.nuget\NuGet.Dev.Config = .nuget\NuGet.Dev.Config
		.nuget\NuGet.exe = .nuget\NuGet.exe
		.nuget\NuGet.targets = .nuget\NuGet.targets
	EndProjectSection
EndProject
Project("{2150E333-8FDC-42A3-9474-1A3956D46DE8}") = "build", "build", "{D8BAD8E8-F881-4B23-8CCC-E5724CF9292B}"
	ProjectSection(SolutionItems) = preProject
		..\build.cmd = ..\build.cmd
		..\build.fsx = ..\build.fsx
		..\build.sh = ..\build.sh
	EndProjectSection
EndProject
Global
	GlobalSection(SolutionConfigurationPlatforms) = preSolution
		Debug|Any CPU = Debug|Any CPU
		Release|Any CPU = Release|Any CPU
	EndGlobalSection
	GlobalSection(ProjectConfigurationPlatforms) = postSolution
		{BAC85686-AFC4-413E-98DC-5ED8F468BC63}.Debug|Any CPU.ActiveCfg = Debug|Any CPU
		{BAC85686-AFC4-413E-98DC-5ED8F468BC63}.Debug|Any CPU.Build.0 = Debug|Any CPU
		{BAC85686-AFC4-413E-98DC-5ED8F468BC63}.Release|Any CPU.ActiveCfg = Release|Any CPU
		{BAC85686-AFC4-413E-98DC-5ED8F468BC63}.Release|Any CPU.Build.0 = Release|Any CPU
		{5A3C24D7-0D1C-4974-BBB4-22AC792666DE}.Debug|Any CPU.ActiveCfg = Debug|Any CPU
		{5A3C24D7-0D1C-4974-BBB4-22AC792666DE}.Debug|Any CPU.Build.0 = Debug|Any CPU
		{5A3C24D7-0D1C-4974-BBB4-22AC792666DE}.Release|Any CPU.ActiveCfg = Release|Any CPU
		{5A3C24D7-0D1C-4974-BBB4-22AC792666DE}.Release|Any CPU.Build.0 = Release|Any CPU
	EndGlobalSection
	GlobalSection(SolutionProperties) = preSolution
		HideSolutionNode = FALSE
	EndGlobalSection
EndGlobal
