
Microsoft Visual Studio Solution File, Format Version 12.00
# Visual Studio 15
VisualStudioVersion = 15.0.26730.3
MinimumVisualStudioVersion = 10.0.40219.1
Project("{FAE04EC0-301F-11D3-BF4B-00C04F79EFBC}") = "Akka.Persistence.SqlServer.Tests", "Akka.Persistence.SqlServer.Tests\Akka.Persistence.SqlServer.Tests.csproj", "{5A3C24D7-0D1C-4974-BBB4-22AC792666DE}"
EndProject
Project("{2150E333-8FDC-42A3-9474-1A3956D46DE8}") = "build", "build", "{D8BAD8E8-F881-4B23-8CCC-E5724CF9292B}"
	ProjectSection(SolutionItems) = preProject
		..\build.cmd = ..\build.cmd
		..\build.fsx = ..\build.fsx
		..\build.sh = ..\build.sh
	EndProjectSection
EndProject
Project("{2150E333-8FDC-42A3-9474-1A3956D46DE8}") = "Solution Items", "Solution Items", "{85A25CFE-0B51-45FC-9C5E-271F9557F8D3}"
	ProjectSection(SolutionItems) = preProject
		..\README.md = ..\README.md
	EndProjectSection
EndProject
Project("{2150E333-8FDC-42A3-9474-1A3956D46DE8}") = ".nuget", ".nuget", "{9926DCC4-8E2D-4F56-BC01-194A61B9F76E}"
	ProjectSection(SolutionItems) = preProject
		.nuget\NuGet.Config = .nuget\NuGet.Config
		.nuget\NuGet.Dev.Config = .nuget\NuGet.Dev.Config
		.nuget\NuGet.exe = .nuget\NuGet.exe
		.nuget\NuGet.targets = .nuget\NuGet.targets
	EndProjectSection
EndProject
Project("{9A19103F-16F7-4668-BE54-9A1E7A4F7556}") = "Akka.Persistence.SqlServer", "Akka.Persistence.SqlServer\Akka.Persistence.SqlServer.csproj", "{1D9ECD21-DCCA-45C1-9A27-BF2C13C7412F}"
EndProject
Global
	GlobalSection(SolutionConfigurationPlatforms) = preSolution
		Debug|Any CPU = Debug|Any CPU
		Release|Any CPU = Release|Any CPU
	EndGlobalSection
	GlobalSection(ProjectConfigurationPlatforms) = postSolution
		{5A3C24D7-0D1C-4974-BBB4-22AC792666DE}.Debug|Any CPU.ActiveCfg = Debug|Any CPU
		{5A3C24D7-0D1C-4974-BBB4-22AC792666DE}.Debug|Any CPU.Build.0 = Debug|Any CPU
		{5A3C24D7-0D1C-4974-BBB4-22AC792666DE}.Release|Any CPU.ActiveCfg = Release|Any CPU
		{5A3C24D7-0D1C-4974-BBB4-22AC792666DE}.Release|Any CPU.Build.0 = Release|Any CPU
		{1D9ECD21-DCCA-45C1-9A27-BF2C13C7412F}.Debug|Any CPU.ActiveCfg = Debug|Any CPU
		{1D9ECD21-DCCA-45C1-9A27-BF2C13C7412F}.Debug|Any CPU.Build.0 = Debug|Any CPU
		{1D9ECD21-DCCA-45C1-9A27-BF2C13C7412F}.Release|Any CPU.ActiveCfg = Release|Any CPU
		{1D9ECD21-DCCA-45C1-9A27-BF2C13C7412F}.Release|Any CPU.Build.0 = Release|Any CPU
	EndGlobalSection
	GlobalSection(SolutionProperties) = preSolution
		HideSolutionNode = FALSE
	EndGlobalSection
	GlobalSection(ExtensibilityGlobals) = postSolution
		SolutionGuid = {F5B10DE4-8703-405E-B6ED-DDFE0D20198D}
	EndGlobalSection
EndGlobal
